// !$*UTF8*$!
{
	archiveVersion = 1;
	classes = {
	};
	objectVersion = 55;
	objects = {

/* Begin PBXBuildFile section */
		F18496062891B72F00ADACF0 /* AppDelegate.swift in Sources */ = {isa = PBXBuildFile; fileRef = F18496052891B72F00ADACF0 /* AppDelegate.swift */; };
		F18496082891B72F00ADACF0 /* SceneDelegate.swift in Sources */ = {isa = PBXBuildFile; fileRef = F18496072891B72F00ADACF0 /* SceneDelegate.swift */; };
		F184960A2891B72F00ADACF0 /* ViewController.swift in Sources */ = {isa = PBXBuildFile; fileRef = F18496092891B72F00ADACF0 /* ViewController.swift */; };
		F184960D2891B72F00ADACF0 /* Main.storyboard in Resources */ = {isa = PBXBuildFile; fileRef = F184960B2891B72F00ADACF0 /* Main.storyboard */; };
		F184960F2891B73100ADACF0 /* Assets.xcassets in Resources */ = {isa = PBXBuildFile; fileRef = F184960E2891B73100ADACF0 /* Assets.xcassets */; };
		F18496122891B73100ADACF0 /* LaunchScreen.storyboard in Resources */ = {isa = PBXBuildFile; fileRef = F18496102891B73100ADACF0 /* LaunchScreen.storyboard */; };
		F184961D2891B73100ADACF0 /* HelloUniverseTests.swift in Sources */ = {isa = PBXBuildFile; fileRef = F184961C2891B73100ADACF0 /* HelloUniverseTests.swift */; };
		F18496272891B73100ADACF0 /* HelloUniverseUITests.swift in Sources */ = {isa = PBXBuildFile; fileRef = F18496262891B73100ADACF0 /* HelloUniverseUITests.swift */; };
		F18496292891B73100ADACF0 /* HelloUniverseUITestsLaunchTests.swift in Sources */ = {isa = PBXBuildFile; fileRef = F18496282891B73100ADACF0 /* HelloUniverseUITestsLaunchTests.swift */; };
		F18496382891E30E00ADACF0 /* NewViewController.swift in Sources */ = {isa = PBXBuildFile; fileRef = F18496372891E30E00ADACF0 /* NewViewController.swift */; };
		F184963C289338DB00ADACF0 /* New2ViewController.swift in Sources */ = {isa = PBXBuildFile; fileRef = F184963B289338DB00ADACF0 /* New2ViewController.swift */; };
/* End PBXBuildFile section */

/* Begin PBXContainerItemProxy section */
		F18496192891B73100ADACF0 /* PBXContainerItemProxy */ = {
			isa = PBXContainerItemProxy;
			containerPortal = F18495FA2891B72F00ADACF0 /* Project object */;
			proxyType = 1;
			remoteGlobalIDString = F18496012891B72F00ADACF0;
			remoteInfo = HelloUniverse;
		};
		F18496232891B73100ADACF0 /* PBXContainerItemProxy */ = {
			isa = PBXContainerItemProxy;
			containerPortal = F18495FA2891B72F00ADACF0 /* Project object */;
			proxyType = 1;
			remoteGlobalIDString = F18496012891B72F00ADACF0;
			remoteInfo = HelloUniverse;
		};
/* End PBXContainerItemProxy section */

/* Begin PBXFileReference section */
		F18496022891B72F00ADACF0 /* HelloUniverse.app */ = {isa = PBXFileReference; explicitFileType = wrapper.application; includeInIndex = 0; path = HelloUniverse.app; sourceTree = BUILT_PRODUCTS_DIR; };
		F18496052891B72F00ADACF0 /* AppDelegate.swift */ = {isa = PBXFileReference; lastKnownFileType = sourcecode.swift; path = AppDelegate.swift; sourceTree = "<group>"; };
		F18496072891B72F00ADACF0 /* SceneDelegate.swift */ = {isa = PBXFileReference; lastKnownFileType = sourcecode.swift; path = SceneDelegate.swift; sourceTree = "<group>"; };
		F18496092891B72F00ADACF0 /* ViewController.swift */ = {isa = PBXFileReference; lastKnownFileType = sourcecode.swift; path = ViewController.swift; sourceTree = "<group>"; };
		F184960C2891B72F00ADACF0 /* Base */ = {isa = PBXFileReference; lastKnownFileType = file.storyboard; name = Base; path = Base.lproj/Main.storyboard; sourceTree = "<group>"; };
		F184960E2891B73100ADACF0 /* Assets.xcassets */ = {isa = PBXFileReference; lastKnownFileType = folder.assetcatalog; path = Assets.xcassets; sourceTree = "<group>"; };
		F18496112891B73100ADACF0 /* Base */ = {isa = PBXFileReference; lastKnownFileType = file.storyboard; name = Base; path = Base.lproj/LaunchScreen.storyboard; sourceTree = "<group>"; };
		F18496132891B73100ADACF0 /* Info.plist */ = {isa = PBXFileReference; lastKnownFileType = text.plist.xml; path = Info.plist; sourceTree = "<group>"; };
		F18496182891B73100ADACF0 /* HelloUniverseTests.xctest */ = {isa = PBXFileReference; explicitFileType = wrapper.cfbundle; includeInIndex = 0; path = HelloUniverseTests.xctest; sourceTree = BUILT_PRODUCTS_DIR; };
		F184961C2891B73100ADACF0 /* HelloUniverseTests.swift */ = {isa = PBXFileReference; lastKnownFileType = sourcecode.swift; path = HelloUniverseTests.swift; sourceTree = "<group>"; };
		F18496222891B73100ADACF0 /* HelloUniverseUITests.xctest */ = {isa = PBXFileReference; explicitFileType = wrapper.cfbundle; includeInIndex = 0; path = HelloUniverseUITests.xctest; sourceTree = BUILT_PRODUCTS_DIR; };
		F18496262891B73100ADACF0 /* HelloUniverseUITests.swift */ = {isa = PBXFileReference; lastKnownFileType = sourcecode.swift; path = HelloUniverseUITests.swift; sourceTree = "<group>"; };
		F18496282891B73100ADACF0 /* HelloUniverseUITestsLaunchTests.swift */ = {isa = PBXFileReference; lastKnownFileType = sourcecode.swift; path = HelloUniverseUITestsLaunchTests.swift; sourceTree = "<group>"; };
		F18496372891E30E00ADACF0 /* NewViewController.swift */ = {isa = PBXFileReference; lastKnownFileType = sourcecode.swift; path = NewViewController.swift; sourceTree = "<group>"; };
		F184963B289338DB00ADACF0 /* New2ViewController.swift */ = {isa = PBXFileReference; lastKnownFileType = sourcecode.swift; path = New2ViewController.swift; sourceTree = "<group>"; };
/* End PBXFileReference section */

/* Begin PBXFrameworksBuildPhase section */
		F18495FF2891B72F00ADACF0 /* Frameworks */ = {
			isa = PBXFrameworksBuildPhase;
			buildActionMask = 2147483647;
			files = (
			);
			runOnlyForDeploymentPostprocessing = 0;
		};
		F18496152891B73100ADACF0 /* Frameworks */ = {
			isa = PBXFrameworksBuildPhase;
			buildActionMask = 2147483647;
			files = (
			);
			runOnlyForDeploymentPostprocessing = 0;
		};
		F184961F2891B73100ADACF0 /* Frameworks */ = {
			isa = PBXFrameworksBuildPhase;
			buildActionMask = 2147483647;
			files = (
			);
			runOnlyForDeploymentPostprocessing = 0;
		};
/* End PBXFrameworksBuildPhase section */

/* Begin PBXGroup section */
		F18495F92891B72F00ADACF0 = {
			isa = PBXGroup;
			children = (
				F184963B289338DB00ADACF0 /* New2ViewController.swift */,
				F18496372891E30E00ADACF0 /* NewViewController.swift */,
				F18496042891B72F00ADACF0 /* HelloUniverse */,
				F184961B2891B73100ADACF0 /* HelloUniverseTests */,
				F18496252891B73100ADACF0 /* HelloUniverseUITests */,
				F18496032891B72F00ADACF0 /* Products */,
			);
			sourceTree = "<group>";
		};
		F18496032891B72F00ADACF0 /* Products */ = {
			isa = PBXGroup;
			children = (
				F18496022891B72F00ADACF0 /* HelloUniverse.app */,
				F18496182891B73100ADACF0 /* HelloUniverseTests.xctest */,
				F18496222891B73100ADACF0 /* HelloUniverseUITests.xctest */,
			);
			name = Products;
			sourceTree = "<group>";
		};
		F18496042891B72F00ADACF0 /* HelloUniverse */ = {
			isa = PBXGroup;
			children = (
				F18496052891B72F00ADACF0 /* AppDelegate.swift */,
				F18496072891B72F00ADACF0 /* SceneDelegate.swift */,
				F18496092891B72F00ADACF0 /* ViewController.swift */,
				F184960B2891B72F00ADACF0 /* Main.storyboard */,
				F184960E2891B73100ADACF0 /* Assets.xcassets */,
				F18496102891B73100ADACF0 /* LaunchScreen.storyboard */,
				F18496132891B73100ADACF0 /* Info.plist */,
			);
			path = HelloUniverse;
			sourceTree = "<group>";
		};
		F184961B2891B73100ADACF0 /* HelloUniverseTests */ = {
			isa = PBXGroup;
			children = (
				F184961C2891B73100ADACF0 /* HelloUniverseTests.swift */,
			);
			path = HelloUniverseTests;
			sourceTree = "<group>";
		};
		F18496252891B73100ADACF0 /* HelloUniverseUITests */ = {
			isa = PBXGroup;
			children = (
				F18496262891B73100ADACF0 /* HelloUniverseUITests.swift */,
				F18496282891B73100ADACF0 /* HelloUniverseUITestsLaunchTests.swift */,
			);
			path = HelloUniverseUITests;
			sourceTree = "<group>";
		};
/* End PBXGroup section */

/* Begin PBXNativeTarget section */
		F18496012891B72F00ADACF0 /* HelloUniverse */ = {
			isa = PBXNativeTarget;
			buildConfigurationList = F184962C2891B73100ADACF0 /* Build configuration list for PBXNativeTarget "HelloUniverse" */;
			buildPhases = (
				F18495FE2891B72F00ADACF0 /* Sources */,
				F18495FF2891B72F00ADACF0 /* Frameworks */,
				F18496002891B72F00ADACF0 /* Resources */,
			);
			buildRules = (
			);
			dependencies = (
			);
			name = HelloUniverse;
			productName = HelloUniverse;
			productReference = F18496022891B72F00ADACF0 /* HelloUniverse.app */;
			productType = "com.apple.product-type.application";
		};
		F18496172891B73100ADACF0 /* HelloUniverseTests */ = {
			isa = PBXNativeTarget;
			buildConfigurationList = F184962F2891B73100ADACF0 /* Build configuration list for PBXNativeTarget "HelloUniverseTests" */;
			buildPhases = (
				F18496142891B73100ADACF0 /* Sources */,
				F18496152891B73100ADACF0 /* Frameworks */,
				F18496162891B73100ADACF0 /* Resources */,
			);
			buildRules = (
			);
			dependencies = (
				F184961A2891B73100ADACF0 /* PBXTargetDependency */,
			);
			name = HelloUniverseTests;
			productName = HelloUniverseTests;
			productReference = F18496182891B73100ADACF0 /* HelloUniverseTests.xctest */;
			productType = "com.apple.product-type.bundle.unit-test";
		};
		F18496212891B73100ADACF0 /* HelloUniverseUITests */ = {
			isa = PBXNativeTarget;
			buildConfigurationList = F18496322891B73100ADACF0 /* Build configuration list for PBXNativeTarget "HelloUniverseUITests" */;
			buildPhases = (
				F184961E2891B73100ADACF0 /* Sources */,
				F184961F2891B73100ADACF0 /* Frameworks */,
				F18496202891B73100ADACF0 /* Resources */,
			);
			buildRules = (
			);
			dependencies = (
				F18496242891B73100ADACF0 /* PBXTargetDependency */,
			);
			name = HelloUniverseUITests;
			productName = HelloUniverseUITests;
			productReference = F18496222891B73100ADACF0 /* HelloUniverseUITests.xctest */;
			productType = "com.apple.product-type.bundle.ui-testing";
		};
/* End PBXNativeTarget section */

/* Begin PBXProject section */
		F18495FA2891B72F00ADACF0 /* Project object */ = {
			isa = PBXProject;
			attributes = {
				BuildIndependentTargetsInParallel = 1;
				LastSwiftUpdateCheck = 1340;
				LastUpgradeCheck = 1340;
				TargetAttributes = {
					F18496012891B72F00ADACF0 = {
						CreatedOnToolsVersion = 13.4.1;
					};
					F18496172891B73100ADACF0 = {
						CreatedOnToolsVersion = 13.4.1;
						TestTargetID = F18496012891B72F00ADACF0;
					};
					F18496212891B73100ADACF0 = {
						CreatedOnToolsVersion = 13.4.1;
						TestTargetID = F18496012891B72F00ADACF0;
					};
				};
			};
			buildConfigurationList = F18495FD2891B72F00ADACF0 /* Build configuration list for PBXProject "HelloUniverse" */;
			compatibilityVersion = "Xcode 13.0";
			developmentRegion = en;
			hasScannedForEncodings = 0;
			knownRegions = (
				en,
				Base,
			);
			mainGroup = F18495F92891B72F00ADACF0;
			productRefGroup = F18496032891B72F00ADACF0 /* Products */;
			projectDirPath = "";
			projectRoot = "";
			targets = (
				F18496012891B72F00ADACF0 /* HelloUniverse */,
				F18496172891B73100ADACF0 /* HelloUniverseTests */,
				F18496212891B73100ADACF0 /* HelloUniverseUITests */,
			);
		};
/* End PBXProject section */

/* Begin PBXResourcesBuildPhase section */
		F18496002891B72F00ADACF0 /* Resources */ = {
			isa = PBXResourcesBuildPhase;
			buildActionMask = 2147483647;
			files = (
				F18496122891B73100ADACF0 /* LaunchScreen.storyboard in Resources */,
				F184960F2891B73100ADACF0 /* Assets.xcassets in Resources */,
				F184960D2891B72F00ADACF0 /* Main.storyboard in Resources */,
			);
			runOnlyForDeploymentPostprocessing = 0;
		};
		F18496162891B73100ADACF0 /* Resources */ = {
			isa = PBXResourcesBuildPhase;
			buildActionMask = 2147483647;
			files = (
			);
			runOnlyForDeploymentPostprocessing = 0;
		};
		F18496202891B73100ADACF0 /* Resources */ = {
			isa = PBXResourcesBuildPhase;
			buildActionMask = 2147483647;
			files = (
			);
			runOnlyForDeploymentPostprocessing = 0;
		};
/* End PBXResourcesBuildPhase section */

/* Begin PBXSourcesBuildPhase section */
		F18495FE2891B72F00ADACF0 /* Sources */ = {
			isa = PBXSourcesBuildPhase;
			buildActionMask = 2147483647;
			files = (
				F184960A2891B72F00ADACF0 /* ViewController.swift in Sources */,
				F18496062891B72F00ADACF0 /* AppDelegate.swift in Sources */,
				F18496082891B72F00ADACF0 /* SceneDelegate.swift in Sources */,
				F184963C289338DB00ADACF0 /* New2ViewController.swift in Sources */,
				F18496382891E30E00ADACF0 /* NewViewController.swift in Sources */,
			);
			runOnlyForDeploymentPostprocessing = 0;
		};
		F18496142891B73100ADACF0 /* Sources */ = {
			isa = PBXSourcesBuildPhase;
			buildActionMask = 2147483647;
			files = (
				F184961D2891B73100ADACF0 /* HelloUniverseTests.swift in Sources */,
			);
			runOnlyForDeploymentPostprocessing = 0;
		};
		F184961E2891B73100ADACF0 /* Sources */ = {
			isa = PBXSourcesBuildPhase;
			buildActionMask = 2147483647;
			files = (
				F18496292891B73100ADACF0 /* HelloUniverseUITestsLaunchTests.swift in Sources */,
				F18496272891B73100ADACF0 /* HelloUniverseUITests.swift in Sources */,
			);
			runOnlyForDeploymentPostprocessing = 0;
		};
/* End PBXSourcesBuildPhase section */

/* Begin PBXTargetDependency section */
		F184961A2891B73100ADACF0 /* PBXTargetDependency */ = {
			isa = PBXTargetDependency;
			target = F18496012891B72F00ADACF0 /* HelloUniverse */;
			targetProxy = F18496192891B73100ADACF0 /* PBXContainerItemProxy */;
		};
		F18496242891B73100ADACF0 /* PBXTargetDependency */ = {
			isa = PBXTargetDependency;
			target = F18496012891B72F00ADACF0 /* HelloUniverse */;
			targetProxy = F18496232891B73100ADACF0 /* PBXContainerItemProxy */;
		};
/* End PBXTargetDependency section */

/* Begin PBXVariantGroup section */
		F184960B2891B72F00ADACF0 /* Main.storyboard */ = {
			isa = PBXVariantGroup;
			children = (
				F184960C2891B72F00ADACF0 /* Base */,
			);
			name = Main.storyboard;
			sourceTree = "<group>";
		};
		F18496102891B73100ADACF0 /* LaunchScreen.storyboard */ = {
			isa = PBXVariantGroup;
			children = (
				F18496112891B73100ADACF0 /* Base */,
			);
			name = LaunchScreen.storyboard;
			sourceTree = "<group>";
		};
/* End PBXVariantGroup section */

/* Begin XCBuildConfiguration section */
		F184962A2891B73100ADACF0 /* Debug */ = {
			isa = XCBuildConfiguration;
			buildSettings = {
				ALWAYS_SEARCH_USER_PATHS = NO;
				CLANG_ANALYZER_NONNULL = YES;
				CLANG_ANALYZER_NUMBER_OBJECT_CONVERSION = YES_AGGRESSIVE;
				CLANG_CXX_LANGUAGE_STANDARD = "gnu++17";
				CLANG_ENABLE_MODULES = YES;
				CLANG_ENABLE_OBJC_ARC = YES;
				CLANG_ENABLE_OBJC_WEAK = YES;
				CLANG_WARN_BLOCK_CAPTURE_AUTORELEASING = YES;
				CLANG_WARN_BOOL_CONVERSION = YES;
				CLANG_WARN_COMMA = YES;
				CLANG_WARN_CONSTANT_CONVERSION = YES;
				CLANG_WARN_DEPRECATED_OBJC_IMPLEMENTATIONS = YES;
				CLANG_WARN_DIRECT_OBJC_ISA_USAGE = YES_ERROR;
				CLANG_WARN_DOCUMENTATION_COMMENTS = YES;
				CLANG_WARN_EMPTY_BODY = YES;
				CLANG_WARN_ENUM_CONVERSION = YES;
				CLANG_WARN_INFINITE_RECURSION = YES;
				CLANG_WARN_INT_CONVERSION = YES;
				CLANG_WARN_NON_LITERAL_NULL_CONVERSION = YES;
				CLANG_WARN_OBJC_IMPLICIT_RETAIN_SELF = YES;
				CLANG_WARN_OBJC_LITERAL_CONVERSION = YES;
				CLANG_WARN_OBJC_ROOT_CLASS = YES_ERROR;
				CLANG_WARN_QUOTED_INCLUDE_IN_FRAMEWORK_HEADER = YES;
				CLANG_WARN_RANGE_LOOP_ANALYSIS = YES;
				CLANG_WARN_STRICT_PROTOTYPES = YES;
				CLANG_WARN_SUSPICIOUS_MOVE = YES;
				CLANG_WARN_UNGUARDED_AVAILABILITY = YES_AGGRESSIVE;
				CLANG_WARN_UNREACHABLE_CODE = YES;
				CLANG_WARN__DUPLICATE_METHOD_MATCH = YES;
				COPY_PHASE_STRIP = NO;
				DEBUG_INFORMATION_FORMAT = dwarf;
				ENABLE_STRICT_OBJC_MSGSEND = YES;
				ENABLE_TESTABILITY = YES;
				GCC_C_LANGUAGE_STANDARD = gnu11;
				GCC_DYNAMIC_NO_PIC = NO;
				GCC_NO_COMMON_BLOCKS = YES;
				GCC_OPTIMIZATION_LEVEL = 0;
				GCC_PREPROCESSOR_DEFINITIONS = (
					"DEBUG=1",
					"$(inherited)",
				);
				GCC_WARN_64_TO_32_BIT_CONVERSION = YES;
				GCC_WARN_ABOUT_RETURN_TYPE = YES_ERROR;
				GCC_WARN_UNDECLARED_SELECTOR = YES;
				GCC_WARN_UNINITIALIZED_AUTOS = YES_AGGRESSIVE;
				GCC_WARN_UNUSED_FUNCTION = YES;
				GCC_WARN_UNUSED_VARIABLE = YES;
				IPHONEOS_DEPLOYMENT_TARGET = 15.5;
				MTL_ENABLE_DEBUG_INFO = INCLUDE_SOURCE;
				MTL_FAST_MATH = YES;
				ONLY_ACTIVE_ARCH = YES;
				SDKROOT = iphoneos;
				SWIFT_ACTIVE_COMPILATION_CONDITIONS = DEBUG;
				SWIFT_OPTIMIZATION_LEVEL = "-Onone";
			};
			name = Debug;
		};
		F184962B2891B73100ADACF0 /* Release */ = {
			isa = XCBuildConfiguration;
			buildSettings = {
				ALWAYS_SEARCH_USER_PATHS = NO;
				CLANG_ANALYZER_NONNULL = YES;
				CLANG_ANALYZER_NUMBER_OBJECT_CONVERSION = YES_AGGRESSIVE;
				CLANG_CXX_LANGUAGE_STANDARD = "gnu++17";
				CLANG_ENABLE_MODULES = YES;
				CLANG_ENABLE_OBJC_ARC = YES;
				CLANG_ENABLE_OBJC_WEAK = YES;
				CLANG_WARN_BLOCK_CAPTURE_AUTORELEASING = YES;
				CLANG_WARN_BOOL_CONVERSION = YES;
				CLANG_WARN_COMMA = YES;
				CLANG_WARN_CONSTANT_CONVERSION = YES;
				CLANG_WARN_DEPRECATED_OBJC_IMPLEMENTATIONS = YES;
				CLANG_WARN_DIRECT_OBJC_ISA_USAGE = YES_ERROR;
				CLANG_WARN_DOCUMENTATION_COMMENTS = YES;
				CLANG_WARN_EMPTY_BODY = YES;
				CLANG_WARN_ENUM_CONVERSION = YES;
				CLANG_WARN_INFINITE_RECURSION = YES;
				CLANG_WARN_INT_CONVERSION = YES;
				CLANG_WARN_NON_LITERAL_NULL_CONVERSION = YES;
				CLANG_WARN_OBJC_IMPLICIT_RETAIN_SELF = YES;
				CLANG_WARN_OBJC_LITERAL_CONVERSION = YES;
				CLANG_WARN_OBJC_ROOT_CLASS = YES_ERROR;
				CLANG_WARN_QUOTED_INCLUDE_IN_FRAMEWORK_HEADER = YES;
				CLANG_WARN_RANGE_LOOP_ANALYSIS = YES;
				CLANG_WARN_STRICT_PROTOTYPES = YES;
				CLANG_WARN_SUSPICIOUS_MOVE = YES;
				CLANG_WARN_UNGUARDED_AVAILABILITY = YES_AGGRESSIVE;
				CLANG_WARN_UNREACHABLE_CODE = YES;
				CLANG_WARN__DUPLICATE_METHOD_MATCH = YES;
				COPY_PHASE_STRIP = NO;
				DEBUG_INFORMATION_FORMAT = "dwarf-with-dsym";
				ENABLE_NS_ASSERTIONS = NO;
				ENABLE_STRICT_OBJC_MSGSEND = YES;
				GCC_C_LANGUAGE_STANDARD = gnu11;
				GCC_NO_COMMON_BLOCKS = YES;
				GCC_WARN_64_TO_32_BIT_CONVERSION = YES;
				GCC_WARN_ABOUT_RETURN_TYPE = YES_ERROR;
				GCC_WARN_UNDECLARED_SELECTOR = YES;
				GCC_WARN_UNINITIALIZED_AUTOS = YES_AGGRESSIVE;
				GCC_WARN_UNUSED_FUNCTION = YES;
				GCC_WARN_UNUSED_VARIABLE = YES;
				IPHONEOS_DEPLOYMENT_TARGET = 15.5;
				MTL_ENABLE_DEBUG_INFO = NO;
				MTL_FAST_MATH = YES;
				SDKROOT = iphoneos;
				SWIFT_COMPILATION_MODE = wholemodule;
				SWIFT_OPTIMIZATION_LEVEL = "-O";
				VALIDATE_PRODUCT = YES;
			};
			name = Release;
		};
		F184962D2891B73100ADACF0 /* Debug */ = {
			isa = XCBuildConfiguration;
			buildSettings = {
				ASSETCATALOG_COMPILER_APPICON_NAME = AppIcon;
				ASSETCATALOG_COMPILER_GLOBAL_ACCENT_COLOR_NAME = AccentColor;
				CODE_SIGN_STYLE = Automatic;
				CURRENT_PROJECT_VERSION = 1;
				DEVELOPMENT_TEAM = M3J44TXP2P;
				GENERATE_INFOPLIST_FILE = YES;
				INFOPLIST_FILE = HelloUniverse/Info.plist;
				INFOPLIST_KEY_UIApplicationSupportsIndirectInputEvents = YES;
				INFOPLIST_KEY_UILaunchStoryboardName = LaunchScreen;
				INFOPLIST_KEY_UIMainStoryboardFile = Main;
				INFOPLIST_KEY_UISupportedInterfaceOrientations_iPad = "UIInterfaceOrientationPortrait UIInterfaceOrientationPortraitUpsideDown UIInterfaceOrientationLandscapeLeft UIInterfaceOrientationLandscapeRight";
				INFOPLIST_KEY_UISupportedInterfaceOrientations_iPhone = "UIInterfaceOrientationPortrait UIInterfaceOrientationLandscapeLeft UIInterfaceOrientationLandscapeRight";
				LD_RUNPATH_SEARCH_PATHS = (
					"$(inherited)",
					"@executable_path/Frameworks",
				);
				MARKETING_VERSION = 1.0;
				PRODUCT_BUNDLE_IDENTIFIER = br.com.Caiothom.HelloUniverse;
				PRODUCT_NAME = "$(TARGET_NAME)";
				SWIFT_EMIT_LOC_STRINGS = YES;
				SWIFT_VERSION = 5.0;
				TARGETED_DEVICE_FAMILY = "1,2";
			};
			name = Debug;
		};
		F184962E2891B73100ADACF0 /* Release */ = {
			isa = XCBuildConfiguration;
			buildSettings = {
				ASSETCATALOG_COMPILER_APPICON_NAME = AppIcon;
				ASSETCATALOG_COMPILER_GLOBAL_ACCENT_COLOR_NAME = AccentColor;
				CODE_SIGN_STYLE = Automatic;
				CURRENT_PROJECT_VERSION = 1;
				DEVELOPMENT_TEAM = M3J44TXP2P;
				GENERATE_INFOPLIST_FILE = YES;
				INFOPLIST_FILE = HelloUniverse/Info.plist;
				INFOPLIST_KEY_UIApplicationSupportsIndirectInputEvents = YES;
				INFOPLIST_KEY_UILaunchStoryboardName = LaunchScreen;
				INFOPLIST_KEY_UIMainStoryboardFile = Main;
				INFOPLIST_KEY_UISupportedInterfaceOrientations_iPad = "UIInterfaceOrientationPortrait UIInterfaceOrientationPortraitUpsideDown UIInterfaceOrientationLandscapeLeft UIInterfaceOrientationLandscapeRight";
				INFOPLIST_KEY_UISupportedInterfaceOrientations_iPhone = "UIInterfaceOrientationPortrait UIInterfaceOrientationLandscapeLeft UIInterfaceOrientationLandscapeRight";
				LD_RUNPATH_SEARCH_PATHS = (
					"$(inherited)",
					"@executable_path/Frameworks",
				);
				MARKETING_VERSION = 1.0;
				PRODUCT_BUNDLE_IDENTIFIER = br.com.Caiothom.HelloUniverse;
				PRODUCT_NAME = "$(TARGET_NAME)";
				SWIFT_EMIT_LOC_STRINGS = YES;
				SWIFT_VERSION = 5.0;
				TARGETED_DEVICE_FAMILY = "1,2";
			};
			name = Release;
		};
		F18496302891B73100ADACF0 /* Debug */ = {
			isa = XCBuildConfiguration;
			buildSettings = {
				ALWAYS_EMBED_SWIFT_STANDARD_LIBRARIES = YES;
				BUNDLE_LOADER = "$(TEST_HOST)";
				CODE_SIGN_STYLE = Automatic;
				CURRENT_PROJECT_VERSION = 1;
				DEVELOPMENT_TEAM = M3J44TXP2P;
				GENERATE_INFOPLIST_FILE = YES;
				IPHONEOS_DEPLOYMENT_TARGET = 15.5;
				MARKETING_VERSION = 1.0;
				PRODUCT_BUNDLE_IDENTIFIER = br.com.Caiothom.HelloUniverseTests;
				PRODUCT_NAME = "$(TARGET_NAME)";
				SWIFT_EMIT_LOC_STRINGS = NO;
				SWIFT_VERSION = 5.0;
				TARGETED_DEVICE_FAMILY = "1,2";
				TEST_HOST = "$(BUILT_PRODUCTS_DIR)/HelloUniverse.app/HelloUniverse";
			};
			name = Debug;
		};
		F18496312891B73100ADACF0 /* Release */ = {
			isa = XCBuildConfiguration;
			buildSettings = {
				ALWAYS_EMBED_SWIFT_STANDARD_LIBRARIES = YES;
				BUNDLE_LOADER = "$(TEST_HOST)";
				CODE_SIGN_STYLE = Automatic;
				CURRENT_PROJECT_VERSION = 1;
				DEVELOPMENT_TEAM = M3J44TXP2P;
				GENERATE_INFOPLIST_FILE = YES;
				IPHONEOS_DEPLOYMENT_TARGET = 15.5;
				MARKETING_VERSION = 1.0;
				PRODUCT_BUNDLE_IDENTIFIER = br.com.Caiothom.HelloUniverseTests;
				PRODUCT_NAME = "$(TARGET_NAME)";
				SWIFT_EMIT_LOC_STRINGS = NO;
				SWIFT_VERSION = 5.0;
				TARGETED_DEVICE_FAMILY = "1,2";
				TEST_HOST = "$(BUILT_PRODUCTS_DIR)/HelloUniverse.app/HelloUniverse";
			};
			name = Release;
		};
		F18496332891B73100ADACF0 /* Debug */ = {
			isa = XCBuildConfiguration;
			buildSettings = {
				ALWAYS_EMBED_SWIFT_STANDARD_LIBRARIES = YES;
				CODE_SIGN_STYLE = Automatic;
				CURRENT_PROJECT_VERSION = 1;
				DEVELOPMENT_TEAM = M3J44TXP2P;
				GENERATE_INFOPLIST_FILE = YES;
				MARKETING_VERSION = 1.0;
				PRODUCT_BUNDLE_IDENTIFIER = br.com.Caiothom.HelloUniverseUITests;
				PRODUCT_NAME = "$(TARGET_NAME)";
				SWIFT_EMIT_LOC_STRINGS = NO;
				SWIFT_VERSION = 5.0;
				TARGETED_DEVICE_FAMILY = "1,2";
				TEST_TARGET_NAME = HelloUniverse;
			};
			name = Debug;
		};
		F18496342891B73100ADACF0 /* Release */ = {
			isa = XCBuildConfiguration;
			buildSettings = {
				ALWAYS_EMBED_SWIFT_STANDARD_LIBRARIES = YES;
				CODE_SIGN_STYLE = Automatic;
				CURRENT_PROJECT_VERSION = 1;
				DEVELOPMENT_TEAM = M3J44TXP2P;
				GENERATE_INFOPLIST_FILE = YES;
				MARKETING_VERSION = 1.0;
				PRODUCT_BUNDLE_IDENTIFIER = br.com.Caiothom.HelloUniverseUITests;
				PRODUCT_NAME = "$(TARGET_NAME)";
				SWIFT_EMIT_LOC_STRINGS = NO;
				SWIFT_VERSION = 5.0;
				TARGETED_DEVICE_FAMILY = "1,2";
				TEST_TARGET_NAME = HelloUniverse;
			};
			name = Release;
		};
/* End XCBuildConfiguration section */

/* Begin XCConfigurationList section */
		F18495FD2891B72F00ADACF0 /* Build configuration list for PBXProject "HelloUniverse" */ = {
			isa = XCConfigurationList;
			buildConfigurations = (
				F184962A2891B73100ADACF0 /* Debug */,
				F184962B2891B73100ADACF0 /* Release */,
			);
			defaultConfigurationIsVisible = 0;
			defaultConfigurationName = Release;
		};
		F184962C2891B73100ADACF0 /* Build configuration list for PBXNativeTarget "HelloUniverse" */ = {
			isa = XCConfigurationList;
			buildConfigurations = (
				F184962D2891B73100ADACF0 /* Debug */,
				F184962E2891B73100ADACF0 /* Release */,
			);
			defaultConfigurationIsVisible = 0;
			defaultConfigurationName = Release;
		};
		F184962F2891B73100ADACF0 /* Build configuration list for PBXNativeTarget "HelloUniverseTests" */ = {
			isa = XCConfigurationList;
			buildConfigurations = (
				F18496302891B73100ADACF0 /* Debug */,
				F18496312891B73100ADACF0 /* Release */,
			);
			defaultConfigurationIsVisible = 0;
			defaultConfigurationName = Release;
		};
		F18496322891B73100ADACF0 /* Build configuration list for PBXNativeTarget "HelloUniverseUITests" */ = {
			isa = XCConfigurationList;
			buildConfigurations = (
				F18496332891B73100ADACF0 /* Debug */,
				F18496342891B73100ADACF0 /* Release */,
			);
			defaultConfigurationIsVisible = 0;
			defaultConfigurationName = Release;
		};
/* End XCConfigurationList section */
	};
	rootObject = F18495FA2891B72F00ADACF0 /* Project object */;
}
